schema: '2.0'
stages:
  data_ingestion:
    cmd: python src/cnnClassifier/pipeline/stage_01_data_ingestion.py
    deps:
    - path: config/config.yaml
      hash: md5
      md5: e99ed1d93890f3536c4b22b280c4bb45
      size: 681
    - path: src/cnnClassifier/pipeline/stage_01_data_ingestion.py
      hash: md5
      md5: caf501a7205ba64b6d4426666570432c
      size: 908
    outs:
    - path: artifacts/data_ingestion/CT-KIDNEY-DATASET-Normal-Cyst-Tumor-Stone
      hash: md5
      md5: daa7fd80c8362f7284f06c924b9c3a59.dir
      size: 353166536
      nfiles: 2770
  prepare_base_model:
    cmd: python src/cnnClassifier/pipeline/stage_02_prepare_base_model.py
    deps:
    - path: config/config.yaml
      hash: md5
      md5: e99ed1d93890f3536c4b22b280c4bb45
      size: 681
    - path: src/cnnClassifier/pipeline/stage_02_prepare_base_model.py
      hash: md5
      md5: 7f9f270c32d813102dec904a11157a0b
      size: 1013
    params:
      params.yaml:
        CLASSES: 2
        IMAGE_SIZE:
        - 224
        - 224
        - 3
        INCLUDE_TOP: false
        LEARNING_RATE: 0.01
        WEIGHTS: imagenet
    outs:
    - path: artifacts/prepare_base_model
      hash: md5
      md5: ba14cefda0a33f590e5f5f3ef6801b48.dir
      size: 118055440
      nfiles: 2
  training:
    cmd: python src/cnnClassifier/pipeline/stage_03_model_training.py
    deps:
    - path: artifacts/data_ingestion/CT-KIDNEY-DATASET-Normal-Cyst-Tumor-Stone
      hash: md5
      md5: daa7fd80c8362f7284f06c924b9c3a59.dir
      size: 353166536
      nfiles: 2770
    - path: artifacts/prepare_base_model
      hash: md5
      md5: ba14cefda0a33f590e5f5f3ef6801b48.dir
      size: 118055440
      nfiles: 2
    - path: config/config.yaml
      hash: md5
      md5: e99ed1d93890f3536c4b22b280c4bb45
      size: 681
    - path: src/cnnClassifier/pipeline/stage_03_model_training.py
      hash: md5
      md5: 0b5d68d520496bb7c1c8f5b3d7888dde
      size: 927
    params:
      params.yaml:
        AUGMENTATION: true
        BATCH_SIZE: 16
        EPOCHS: 3
        IMAGE_SIZE:
        - 224
        - 224
        - 3
    outs:
    - path: artifacts/training/model.h5
      hash: md5
      md5: eeaa1581a8f2c2d0d73e87cefeba6825
      size: 59541704
  evaluation:
    cmd: python src/cnnClassifier/pipeline/stage_04_model_evaluation_mlflow.py
    deps:
    - path: artifacts/data_ingestion/CT-KIDNEY-DATASET-Normal-Cyst-Tumor-Stone
      hash: md5
      md5: daa7fd80c8362f7284f06c924b9c3a59.dir
      size: 353166536
      nfiles: 2770
    - path: artifacts/training/model.h5
      hash: md5
      md5: eeaa1581a8f2c2d0d73e87cefeba6825
      size: 59541704
    - path: config/config.yaml
      hash: md5
      md5: e99ed1d93890f3536c4b22b280c4bb45
      size: 681
    - path: src/cnnClassifier/pipeline/stage_04_model_evaluation_mlflow.py
      hash: md5
      md5: 3fceb4ac4bd09ba9900e1833534af160
      size: 936
    params:
      params.yaml:
        BATCH_SIZE: 16
        IMAGE_SIZE:
        - 224
        - 224
        - 3
    outs:
    - path: scores.json
      hash: md5
      md5: 90707cfcbb04f3473267ddc2c4225f5c
      size: 73
